PODS:
  - Firebase (2.5.1)
  - Material (1.41.5)
  - MaterialControls (1.0.2)

DEPENDENCIES:
  - Firebase
  - Material
  - MaterialControls

SPEC CHECKSUMS:
  Firebase: 3565ea88b830f28f2c77ecc524622bc71a20d085
  Material: e8344be7e2a9abb8a7f972253e549f47e5a0d2f0
  MaterialControls: bdeeb94aa049b73f70739a5514be137d2d45c08a

PODFILE CHECKSUM: 9e276613873fd0332fdb0c8b779559238696d9f3

COCOAPODS: 1.0.0
