PODS:
  - Firebase (2.5.1)
  - MaterialControls (1.0.2)

DEPENDENCIES:
  - Firebase (>= 2.5.1)
  - MaterialControls (~> 1.0.2)

SPEC CHECKSUMS:
  Firebase: 3565ea88b830f28f2c77ecc524622bc71a20d085
  MaterialControls: bdeeb94aa049b73f70739a5514be137d2d45c08a

PODFILE CHECKSUM: d5e5ac93ecda057e5980505a54449ef7626cb1e7

COCOAPODS: 1.0.0
