PODS:
  - Material (2.0.0)
  - SWRevealViewController (2.3.0)

DEPENDENCIES:
  - Material (from `https://github.com/CosmicMind/Material.git`, branch `development`)
  - SWRevealViewController

EXTERNAL SOURCES:
  Material:
    :branch: development
    :git: https://github.com/CosmicMind/Material.git

CHECKOUT OPTIONS:
  Material:
    :commit: f93224df902db3479f8876923c0d9f720eb59e93
    :git: https://github.com/CosmicMind/Material.git

SPEC CHECKSUMS:
  Material: 437cd15bddb544bb0f41ba24215351038e565a1d
  SWRevealViewController: 6d3fd97f70112fd7cef9de14df4260eacce4c63a

PODFILE CHECKSUM: 12ca9288d92824a4bf917879be02fb68b23b8ef7

COCOAPODS: 1.1.0.beta.1
